{
    "_readme": [
        "This file locks the dependencies of your project to a known state",
        "Read more about it at https://getcomposer.org/doc/01-basic-usage.md#composer-lock-the-lock-file",
        "This file is @generated automatically"
    ],
    "hash": "8bff00f5020cfdcc7ca9ba500ac05604",
    "content-hash": "f378b00b6d9664faab2107711fc05daa",
    "packages": [
        {
            "name": "battis/appmetadata",
            "version": "v1.2.2",
            "source": {
                "type": "git",
                "url": "https://github.com/battis/appmetadata.git",
                "reference": "1d9f4c7e29576dbd4ae0b56bd97c29fc8ff4c3b5"
            },
            "dist": {
                "type": "zip",
                "url": "https://api.github.com/repos/battis/appmetadata/zipball/1d9f4c7e29576dbd4ae0b56bd97c29fc8ff4c3b5",
                "reference": "1d9f4c7e29576dbd4ae0b56bd97c29fc8ff4c3b5",
                "shasum": ""
            },
            "type": "library",
            "autoload": {
                "psr-4": {
                    "Battis\\": "src/"
                }
            },
            "notification-url": "https://packagist.org/downloads/",
            "license": [
                "LGPL-3.0"
            ],
            "authors": [
                {
                    "name": "Seth Battis",
                    "email": "seth@battis.net"
                }
            ],
            "description": "An object to store app metadata backed by a MySQL table",
            "time": "2016-07-22 06:29:17"
        },
        {
            "name": "battis/simplecache",
            "version": "v1.2.2",
            "source": {
                "type": "git",
                "url": "https://github.com/battis/simplecache.git",
                "reference": "5298aed74cd3911675b2bec147c346ed25261210"
            },
            "dist": {
                "type": "zip",
                "url": "https://api.github.com/repos/battis/simplecache/zipball/5298aed74cd3911675b2bec147c346ed25261210",
                "reference": "5298aed74cd3911675b2bec147c346ed25261210",
                "shasum": ""
            },
            "type": "library",
            "autoload": {
                "classmap": [
                    ""
                ]
            },
            "notification-url": "https://packagist.org/downloads/",
            "license": [
                "LGPL-3.0"
            ],
            "authors": [
                {
                    "name": "Seth Battis",
                    "email": "seth@battis.net"
                }
            ],
            "description": "Manage a simple cache backed by a MySQL database",
            "time": "2015-12-17 02:04:27"
        }
    ],
    "packages-dev": [],
    "aliases": [],
    "minimum-stability": "stable",
    "stability-flags": [],
    "prefer-stable": false,
    "prefer-lowest": false,
    "platform": [],
    "platform-dev": []
}
